
Microsoft Visual Studio Solution File, Format Version 12.00
# Visual Studio Version 16
VisualStudioVersion = 16.0.32413.511
MinimumVisualStudioVersion = 10.0.40219.1
Project("{6EC3EE1D-3C4E-46DD-8F32-0CC8E7565705}") = "Task5", "Task5\Task5.fsproj", "{B2187D8E-098F-401B-92E4-286174C69985}"
EndProject
Project("{6EC3EE1D-3C4E-46DD-8F32-0CC8E7565705}") = "Task6", "Task6\Task6.fsproj", "{615449E6-D8E1-4BD6-884B-F3960D730D18}"
EndProject
Project("{F2A71F9B-5D33-465A-A702-920D77279786}") = "Task7", "Task7\Task7.fsproj", "{5282F05E-7164-48BE-BD2E-35F2CA4332E0}"
EndProject
Global
	GlobalSection(SolutionConfigurationPlatforms) = preSolution
		Debug|Any CPU = Debug|Any CPU
		Release|Any CPU = Release|Any CPU
	EndGlobalSection
	GlobalSection(ProjectConfigurationPlatforms) = postSolution
		{B2187D8E-098F-401B-92E4-286174C69985}.Debug|Any CPU.ActiveCfg = Debug|Any CPU
		{B2187D8E-098F-401B-92E4-286174C69985}.Debug|Any CPU.Build.0 = Debug|Any CPU
		{B2187D8E-098F-401B-92E4-286174C69985}.Release|Any CPU.ActiveCfg = Release|Any CPU
		{B2187D8E-098F-401B-92E4-286174C69985}.Release|Any CPU.Build.0 = Release|Any CPU
		{615449E6-D8E1-4BD6-884B-F3960D730D18}.Debug|Any CPU.ActiveCfg = Debug|Any CPU
		{615449E6-D8E1-4BD6-884B-F3960D730D18}.Debug|Any CPU.Build.0 = Debug|Any CPU
		{615449E6-D8E1-4BD6-884B-F3960D730D18}.Release|Any CPU.ActiveCfg = Release|Any CPU
		{615449E6-D8E1-4BD6-884B-F3960D730D18}.Release|Any CPU.Build.0 = Release|Any CPU
		{5282F05E-7164-48BE-BD2E-35F2CA4332E0}.Debug|Any CPU.ActiveCfg = Debug|Any CPU
		{5282F05E-7164-48BE-BD2E-35F2CA4332E0}.Debug|Any CPU.Build.0 = Debug|Any CPU
		{5282F05E-7164-48BE-BD2E-35F2CA4332E0}.Release|Any CPU.ActiveCfg = Release|Any CPU
		{5282F05E-7164-48BE-BD2E-35F2CA4332E0}.Release|Any CPU.Build.0 = Release|Any CPU
	EndGlobalSection
	GlobalSection(SolutionProperties) = preSolution
		HideSolutionNode = FALSE
	EndGlobalSection
	GlobalSection(ExtensibilityGlobals) = postSolution
		SolutionGuid = {DE02E52D-293B-46F1-912B-9E3009057CEF}
	EndGlobalSection
EndGlobal
