
Microsoft Visual Studio Solution File, Format Version 12.00
# Visual Studio Version 16
VisualStudioVersion = 16.0.32413.511
MinimumVisualStudioVersion = 10.0.40219.1
Project("{6EC3EE1D-3C4E-46DD-8F32-0CC8E7565705}") = "Task2", "Task2\Task2.fsproj", "{F266FE20-F0AE-4BBE-912D-EC6BFBCDA649}"
EndProject
Project("{6EC3EE1D-3C4E-46DD-8F32-0CC8E7565705}") = "Task1", "Task1\Task1.fsproj", "{3F147B9D-1976-470F-ABB3-77ABB8E8F118}"
EndProject
Project("{6EC3EE1D-3C4E-46DD-8F32-0CC8E7565705}") = "Task4", "Task4\Task4.fsproj", "{71029394-A0F5-4E22-AEC5-61806B938A34}"
EndProject
Project("{F2A71F9B-5D33-465A-A702-920D77279786}") = "Task3", "Task3\Task3.fsproj", "{8B681558-B2A7-4228-9F12-2E370DCA7E0A}"
EndProject
Global
	GlobalSection(SolutionConfigurationPlatforms) = preSolution
		Debug|Any CPU = Debug|Any CPU
		Release|Any CPU = Release|Any CPU
	EndGlobalSection
	GlobalSection(ProjectConfigurationPlatforms) = postSolution
		{F266FE20-F0AE-4BBE-912D-EC6BFBCDA649}.Debug|Any CPU.ActiveCfg = Debug|Any CPU
		{F266FE20-F0AE-4BBE-912D-EC6BFBCDA649}.Debug|Any CPU.Build.0 = Debug|Any CPU
		{F266FE20-F0AE-4BBE-912D-EC6BFBCDA649}.Release|Any CPU.ActiveCfg = Release|Any CPU
		{F266FE20-F0AE-4BBE-912D-EC6BFBCDA649}.Release|Any CPU.Build.0 = Release|Any CPU
		{3F147B9D-1976-470F-ABB3-77ABB8E8F118}.Debug|Any CPU.ActiveCfg = Debug|Any CPU
		{3F147B9D-1976-470F-ABB3-77ABB8E8F118}.Debug|Any CPU.Build.0 = Debug|Any CPU
		{3F147B9D-1976-470F-ABB3-77ABB8E8F118}.Release|Any CPU.ActiveCfg = Release|Any CPU
		{3F147B9D-1976-470F-ABB3-77ABB8E8F118}.Release|Any CPU.Build.0 = Release|Any CPU
		{71029394-A0F5-4E22-AEC5-61806B938A34}.Debug|Any CPU.ActiveCfg = Debug|Any CPU
		{71029394-A0F5-4E22-AEC5-61806B938A34}.Debug|Any CPU.Build.0 = Debug|Any CPU
		{71029394-A0F5-4E22-AEC5-61806B938A34}.Release|Any CPU.ActiveCfg = Release|Any CPU
		{71029394-A0F5-4E22-AEC5-61806B938A34}.Release|Any CPU.Build.0 = Release|Any CPU
		{8B681558-B2A7-4228-9F12-2E370DCA7E0A}.Debug|Any CPU.ActiveCfg = Debug|Any CPU
		{8B681558-B2A7-4228-9F12-2E370DCA7E0A}.Debug|Any CPU.Build.0 = Debug|Any CPU
		{8B681558-B2A7-4228-9F12-2E370DCA7E0A}.Release|Any CPU.ActiveCfg = Release|Any CPU
		{8B681558-B2A7-4228-9F12-2E370DCA7E0A}.Release|Any CPU.Build.0 = Release|Any CPU
	EndGlobalSection
	GlobalSection(SolutionProperties) = preSolution
		HideSolutionNode = FALSE
	EndGlobalSection
	GlobalSection(ExtensibilityGlobals) = postSolution
		SolutionGuid = {D6EA17D5-ABAC-4AFB-81C8-33846103DD19}
	EndGlobalSection
EndGlobal
