
Microsoft Visual Studio Solution File, Format Version 12.00
# Visual Studio Version 16
VisualStudioVersion = 16.0.32228.343
MinimumVisualStudioVersion = 10.0.40219.1
Project("{6EC3EE1D-3C4E-46DD-8F32-0CC8E7565705}") = "Task11", "Task11\Task11.fsproj", "{27F985D2-C078-4CD0-AF65-5E3225D44149}"
EndProject
Project("{6EC3EE1D-3C4E-46DD-8F32-0CC8E7565705}") = "Task12_5", "Task12_5\Task12_5.fsproj", "{ECAFA630-27A0-443A-B801-0AF817FC8176}"
EndProject
Project("{6EC3EE1D-3C4E-46DD-8F32-0CC8E7565705}") = "Task13_6", "Task13_6\Task13_6.fsproj", "{06A20965-A931-4A13-8F02-9D677EE0DEE8}"
EndProject
Project("{6EC3EE1D-3C4E-46DD-8F32-0CC8E7565705}") = "Task14_18", "Task14_18\Task14_18.fsproj", "{D47BBADB-E840-437E-BA18-ADCAFF460FB9}"
EndProject
Project("{6EC3EE1D-3C4E-46DD-8F32-0CC8E7565705}") = "Task15_20", "Task15_20\Task15_20.fsproj", "{BCA27BEF-421D-49A7-A1FE-E073D009F7D4}"
EndProject
Project("{F2A71F9B-5D33-465A-A702-920D77279786}") = "Task16_27", "Task16_27\Task16_27.fsproj", "{F140597F-4B7A-49A4-825B-24F6C66F7277}"
EndProject
Global
	GlobalSection(SolutionConfigurationPlatforms) = preSolution
		Debug|Any CPU = Debug|Any CPU
		Release|Any CPU = Release|Any CPU
	EndGlobalSection
	GlobalSection(ProjectConfigurationPlatforms) = postSolution
		{27F985D2-C078-4CD0-AF65-5E3225D44149}.Debug|Any CPU.ActiveCfg = Debug|Any CPU
		{27F985D2-C078-4CD0-AF65-5E3225D44149}.Debug|Any CPU.Build.0 = Debug|Any CPU
		{27F985D2-C078-4CD0-AF65-5E3225D44149}.Release|Any CPU.ActiveCfg = Release|Any CPU
		{27F985D2-C078-4CD0-AF65-5E3225D44149}.Release|Any CPU.Build.0 = Release|Any CPU
		{ECAFA630-27A0-443A-B801-0AF817FC8176}.Debug|Any CPU.ActiveCfg = Debug|Any CPU
		{ECAFA630-27A0-443A-B801-0AF817FC8176}.Debug|Any CPU.Build.0 = Debug|Any CPU
		{ECAFA630-27A0-443A-B801-0AF817FC8176}.Release|Any CPU.ActiveCfg = Release|Any CPU
		{ECAFA630-27A0-443A-B801-0AF817FC8176}.Release|Any CPU.Build.0 = Release|Any CPU
		{06A20965-A931-4A13-8F02-9D677EE0DEE8}.Debug|Any CPU.ActiveCfg = Debug|Any CPU
		{06A20965-A931-4A13-8F02-9D677EE0DEE8}.Debug|Any CPU.Build.0 = Debug|Any CPU
		{06A20965-A931-4A13-8F02-9D677EE0DEE8}.Release|Any CPU.ActiveCfg = Release|Any CPU
		{06A20965-A931-4A13-8F02-9D677EE0DEE8}.Release|Any CPU.Build.0 = Release|Any CPU
		{D47BBADB-E840-437E-BA18-ADCAFF460FB9}.Debug|Any CPU.ActiveCfg = Debug|Any CPU
		{D47BBADB-E840-437E-BA18-ADCAFF460FB9}.Debug|Any CPU.Build.0 = Debug|Any CPU
		{D47BBADB-E840-437E-BA18-ADCAFF460FB9}.Release|Any CPU.ActiveCfg = Release|Any CPU
		{D47BBADB-E840-437E-BA18-ADCAFF460FB9}.Release|Any CPU.Build.0 = Release|Any CPU
		{BCA27BEF-421D-49A7-A1FE-E073D009F7D4}.Debug|Any CPU.ActiveCfg = Debug|Any CPU
		{BCA27BEF-421D-49A7-A1FE-E073D009F7D4}.Debug|Any CPU.Build.0 = Debug|Any CPU
		{BCA27BEF-421D-49A7-A1FE-E073D009F7D4}.Release|Any CPU.ActiveCfg = Release|Any CPU
		{BCA27BEF-421D-49A7-A1FE-E073D009F7D4}.Release|Any CPU.Build.0 = Release|Any CPU
		{F140597F-4B7A-49A4-825B-24F6C66F7277}.Debug|Any CPU.ActiveCfg = Debug|Any CPU
		{F140597F-4B7A-49A4-825B-24F6C66F7277}.Debug|Any CPU.Build.0 = Debug|Any CPU
		{F140597F-4B7A-49A4-825B-24F6C66F7277}.Release|Any CPU.ActiveCfg = Release|Any CPU
		{F140597F-4B7A-49A4-825B-24F6C66F7277}.Release|Any CPU.Build.0 = Release|Any CPU
	EndGlobalSection
	GlobalSection(SolutionProperties) = preSolution
		HideSolutionNode = FALSE
	EndGlobalSection
	GlobalSection(ExtensibilityGlobals) = postSolution
		SolutionGuid = {BA11E4CD-BAFF-4A2D-B4E4-612374F34928}
	EndGlobalSection
EndGlobal
